Microsoft Visual Studio Solution File, Format Version 12.00
# Visual Studio Express 2012 for Windows Desktop
Project("{8BC9CEB8-8B4A-11D0-8D11-00A0C91BC942}") = "TestCppClient", "TestCppClient.vcxproj", "{458559CA-82CB-46EA-A45C-2E9DA3927D42}"
	ProjectSection(ProjectDependencies) = postProject
		{E9C3126E-CEA8-41A8-A714-7644B016DB3C} = {E9C3126E-CEA8-41A8-A714-7644B016DB3C}
	EndProjectSection
EndProject
Project("{8BC9CEB8-8B4A-11D0-8D11-00A0C91BC942}") = "TwsSocketClient", "..\..\..\source\cppclient\client\TwsSocketClient.vcxproj", "{E9C3126E-CEA8-41A8-A714-7644B016DB3C}"
EndProject
Project("{8BC9CEB8-8B4A-11D0-8D11-00A0C91BC942}") = "TwsSocketClientStatic", "..\..\..\source\cppclient\client\TwsSocketClientStatic.vcxproj", "{256E5E0B-3FD4-49E3-B7F2-2995AC60721D}"
	ProjectSection(ProjectDependencies) = postProject
		{458559CA-82CB-46EA-A45C-2E9DA3927D42} = {458559CA-82CB-46EA-A45C-2E9DA3927D42}
	EndProjectSection
EndProject
Project("{8BC9CEB8-8B4A-11D0-8D11-00A0C91BC942}") = "TestCppClientStatic", "TestCppClientStatic.vcxproj", "{A2A869EF-063B-4DF7-AC04-74FA6BE0A764}"
EndProject
Global
	GlobalSection(SolutionConfigurationPlatforms) = preSolution
		Debug|Win32 = Debug|Win32
		Debug|x64 = Debug|x64
		Release|Win32 = Release|Win32
		Release|x64 = Release|x64
	EndGlobalSection
	GlobalSection(ProjectConfigurationPlatforms) = postSolution
		{458559CA-82CB-46EA-A45C-2E9DA3927D42}.Debug|Win32.ActiveCfg = Debug|Win32
		{458559CA-82CB-46EA-A45C-2E9DA3927D42}.Debug|Win32.Build.0 = Debug|Win32
		{458559CA-82CB-46EA-A45C-2E9DA3927D42}.Debug|x64.ActiveCfg = Debug|x64
		{458559CA-82CB-46EA-A45C-2E9DA3927D42}.Debug|x64.Build.0 = Debug|x64
		{458559CA-82CB-46EA-A45C-2E9DA3927D42}.Release|Win32.ActiveCfg = Release|Win32
		{458559CA-82CB-46EA-A45C-2E9DA3927D42}.Release|Win32.Build.0 = Release|Win32
		{458559CA-82CB-46EA-A45C-2E9DA3927D42}.Release|x64.ActiveCfg = Release|x64
		{458559CA-82CB-46EA-A45C-2E9DA3927D42}.Release|x64.Build.0 = Release|x64
		{E9C3126E-CEA8-41A8-A714-7644B016DB3C}.Debug|Win32.ActiveCfg = Debug|Win32
		{E9C3126E-CEA8-41A8-A714-7644B016DB3C}.Debug|Win32.Build.0 = Debug|Win32
		{E9C3126E-CEA8-41A8-A714-7644B016DB3C}.Debug|x64.ActiveCfg = Debug|Win32
		{E9C3126E-CEA8-41A8-A714-7644B016DB3C}.Release|Win32.ActiveCfg = Release|Win32
		{E9C3126E-CEA8-41A8-A714-7644B016DB3C}.Release|Win32.Build.0 = Release|Win32
		{E9C3126E-CEA8-41A8-A714-7644B016DB3C}.Release|x64.ActiveCfg = Release|Win32
		{256E5E0B-3FD4-49E3-B7F2-2995AC60721D}.Debug|Win32.ActiveCfg = Debug|Win32
		{256E5E0B-3FD4-49E3-B7F2-2995AC60721D}.Debug|Win32.Build.0 = Debug|Win32
		{256E5E0B-3FD4-49E3-B7F2-2995AC60721D}.Debug|x64.ActiveCfg = Debug|Win32
		{256E5E0B-3FD4-49E3-B7F2-2995AC60721D}.Release|Win32.ActiveCfg = Release|Win32
		{256E5E0B-3FD4-49E3-B7F2-2995AC60721D}.Release|Win32.Build.0 = Release|Win32
		{256E5E0B-3FD4-49E3-B7F2-2995AC60721D}.Release|x64.ActiveCfg = Release|Win32
		{A2A869EF-063B-4DF7-AC04-74FA6BE0A764}.Debug|Win32.ActiveCfg = Debug|Win32
		{A2A869EF-063B-4DF7-AC04-74FA6BE0A764}.Debug|Win32.Build.0 = Debug|Win32
		{A2A869EF-063B-4DF7-AC04-74FA6BE0A764}.Debug|x64.ActiveCfg = Debug|x64
		{A2A869EF-063B-4DF7-AC04-74FA6BE0A764}.Debug|x64.Build.0 = Debug|x64
		{A2A869EF-063B-4DF7-AC04-74FA6BE0A764}.Release|Win32.ActiveCfg = Release|Win32
		{A2A869EF-063B-4DF7-AC04-74FA6BE0A764}.Release|Win32.Build.0 = Release|Win32
		{A2A869EF-063B-4DF7-AC04-74FA6BE0A764}.Release|x64.ActiveCfg = Release|x64
		{A2A869EF-063B-4DF7-AC04-74FA6BE0A764}.Release|x64.Build.0 = Release|x64
	EndGlobalSection
	GlobalSection(SolutionProperties) = preSolution
		HideSolutionNode = FALSE
	EndGlobalSection
EndGlobal
