Microsoft Visual Studio Solution File, Format Version 12.00
# Visual Studio 2012
Project("{F184B08F-C81C-45F6-A57F-5ABD9991F28F}") = "VB_API_sample", "VB_API_sample.vbproj", "{8725B2B6-906C-49CE-A1E3-61060F4549E3}"
EndProject
Project("{FAE04EC0-301F-11D3-BF4B-00C04F79EFBC}") = "CSharpAPI", "..\..\source\csharpclient\CSharpAPI.csproj", "{8EDE0744-96C2-40B0-A8DC-37DF79370203}"
EndProject
Global
	GlobalSection(SolutionConfigurationPlatforms) = preSolution
		Debug|Any CPU = Debug|Any CPU
		Debug|Mixed Platforms = Debug|Mixed Platforms
		Debug|x86 = Debug|x86
		Release|Any CPU = Release|Any CPU
		Release|Mixed Platforms = Release|Mixed Platforms
		Release|x86 = Release|x86
	EndGlobalSection
	GlobalSection(ProjectConfigurationPlatforms) = postSolution
		{8725B2B6-906C-49CE-A1E3-61060F4549E3}.Debug|Any CPU.ActiveCfg = Debug|x86
		{8725B2B6-906C-49CE-A1E3-61060F4549E3}.Debug|Any CPU.Build.0 = Debug|x86
		{8725B2B6-906C-49CE-A1E3-61060F4549E3}.Debug|Mixed Platforms.ActiveCfg = Debug|x86
		{8725B2B6-906C-49CE-A1E3-61060F4549E3}.Debug|Mixed Platforms.Build.0 = Debug|x86
		{8725B2B6-906C-49CE-A1E3-61060F4549E3}.Debug|x86.ActiveCfg = Debug|x86
		{8725B2B6-906C-49CE-A1E3-61060F4549E3}.Debug|x86.Build.0 = Debug|x86
		{8725B2B6-906C-49CE-A1E3-61060F4549E3}.Release|Any CPU.ActiveCfg = Release|x86
		{8725B2B6-906C-49CE-A1E3-61060F4549E3}.Release|Mixed Platforms.ActiveCfg = Release|x86
		{8725B2B6-906C-49CE-A1E3-61060F4549E3}.Release|Mixed Platforms.Build.0 = Release|x86
		{8725B2B6-906C-49CE-A1E3-61060F4549E3}.Release|x86.ActiveCfg = Release|x86
		{8725B2B6-906C-49CE-A1E3-61060F4549E3}.Release|x86.Build.0 = Release|x86
		{8EDE0744-96C2-40B0-A8DC-37DF79370203}.Debug|Any CPU.ActiveCfg = Debug|x86
		{8EDE0744-96C2-40B0-A8DC-37DF79370203}.Debug|Mixed Platforms.ActiveCfg = Debug|x86
		{8EDE0744-96C2-40B0-A8DC-37DF79370203}.Debug|Mixed Platforms.Build.0 = Debug|x86
		{8EDE0744-96C2-40B0-A8DC-37DF79370203}.Debug|x86.ActiveCfg = Debug|x86
		{8EDE0744-96C2-40B0-A8DC-37DF79370203}.Debug|x86.Build.0 = Debug|x86
		{8EDE0744-96C2-40B0-A8DC-37DF79370203}.Release|Any CPU.ActiveCfg = Release|x86
		{8EDE0744-96C2-40B0-A8DC-37DF79370203}.Release|Mixed Platforms.ActiveCfg = Release|x86
		{8EDE0744-96C2-40B0-A8DC-37DF79370203}.Release|Mixed Platforms.Build.0 = Release|x86
		{8EDE0744-96C2-40B0-A8DC-37DF79370203}.Release|x86.ActiveCfg = Release|x86
		{8EDE0744-96C2-40B0-A8DC-37DF79370203}.Release|x86.Build.0 = Release|x86
	EndGlobalSection
	GlobalSection(SolutionProperties) = preSolution
		HideSolutionNode = FALSE
	EndGlobalSection
EndGlobal
